{
  "pins" : [
    {
      "identity" : "ffmpeg-kit-spm",
      "kind" : "remoteSourceControl",
      "location" : "https://github.com/tylerjonesio/ffmpeg-kit-spm",
      "state" : {
        "revision" : "b3a2c365e89c5ec8fdc0debd7b7030152b572620",
        "version" : "5.1.2"
      }
    },
    {
      "identity" : "swiftffmpeg",
      "kind" : "remoteSourceControl",
      "location" : "https://github.com/tylerjonesio/SwiftFFmpeg.git",
      "state" : {
        "revision" : "39ffad520dc12ef797023c67311ebb9ff3813dab",
        "version" : "5.1.2"
      }
    }
  ],
  "version" : 2
}
